
Microsoft Visual Studio Solution File, Format Version 12.00
Project("{2150E333-8FDC-42A3-9474-1A3956D46DE8}") = "Services", "Services", "{FBDAFB58-D6D7-430A-8A6D-DFBAE34199FD}"
EndProject
Project("{2150E333-8FDC-42A3-9474-1A3956D46DE8}") = "Catalog", "Catalog", "{6EB422EF-E569-4043-8938-B2E5D78A0675}"
EndProject
Project("{FAE04EC0-301F-11D3-BF4B-00C04F79EFBC}") = "Catalog.API", "Services\Catalog\Catalog.API\Catalog.API.csproj", "{A0CA9EBF-C59E-4F73-A9C1-572D40610811}"
EndProject
Project("{2150E333-8FDC-42A3-9474-1A3956D46DE8}") = "Basket", "Basket", "{8A3A5C47-8DAA-4831-876A-A8BF4C3078F1}"
EndProject
Project("{FAE04EC0-301F-11D3-BF4B-00C04F79EFBC}") = "Basket.API", "Services\Basket\Basket.API\Basket.API.csproj", "{1E18A3C6-8916-4B80-B913-3E3C79E6DF3B}"
EndProject
Global
	GlobalSection(SolutionConfigurationPlatforms) = preSolution
		Debug|Any CPU = Debug|Any CPU
		Release|Any CPU = Release|Any CPU
	EndGlobalSection
	GlobalSection(NestedProjects) = preSolution
		{6EB422EF-E569-4043-8938-B2E5D78A0675} = {FBDAFB58-D6D7-430A-8A6D-DFBAE34199FD}
		{A0CA9EBF-C59E-4F73-A9C1-572D40610811} = {6EB422EF-E569-4043-8938-B2E5D78A0675}
		{8A3A5C47-8DAA-4831-876A-A8BF4C3078F1} = {FBDAFB58-D6D7-430A-8A6D-DFBAE34199FD}
		{1E18A3C6-8916-4B80-B913-3E3C79E6DF3B} = {8A3A5C47-8DAA-4831-876A-A8BF4C3078F1}
	EndGlobalSection
	GlobalSection(ProjectConfigurationPlatforms) = postSolution
		{A0CA9EBF-C59E-4F73-A9C1-572D40610811}.Debug|Any CPU.ActiveCfg = Debug|Any CPU
		{A0CA9EBF-C59E-4F73-A9C1-572D40610811}.Debug|Any CPU.Build.0 = Debug|Any CPU
		{A0CA9EBF-C59E-4F73-A9C1-572D40610811}.Release|Any CPU.ActiveCfg = Release|Any CPU
		{A0CA9EBF-C59E-4F73-A9C1-572D40610811}.Release|Any CPU.Build.0 = Release|Any CPU
		{1E18A3C6-8916-4B80-B913-3E3C79E6DF3B}.Debug|Any CPU.ActiveCfg = Debug|Any CPU
		{1E18A3C6-8916-4B80-B913-3E3C79E6DF3B}.Debug|Any CPU.Build.0 = Debug|Any CPU
		{1E18A3C6-8916-4B80-B913-3E3C79E6DF3B}.Release|Any CPU.ActiveCfg = Release|Any CPU
		{1E18A3C6-8916-4B80-B913-3E3C79E6DF3B}.Release|Any CPU.Build.0 = Release|Any CPU
	EndGlobalSection
EndGlobal
